
Microsoft Visual Studio Solution File, Format Version 12.00
# Visual Studio Version 16
VisualStudioVersion = 16.0.30621.155
MinimumVisualStudioVersion = 10.0.40219.1
Project("{FAE04EC0-301F-11D3-BF4B-00C04F79EFBC}") = "EsercitazioneTest", "EsercitazioneTest\EsercitazioneTest.csproj", "{5C259359-B214-49E8-97A9-C9A90CFC7BEE}"
EndProject
Project("{FAE04EC0-301F-11D3-BF4B-00C04F79EFBC}") = "LibreriaEsercitazione", "LibreriaEsercitazione\LibreriaEsercitazione.csproj", "{9C1E93EB-76C9-4B4F-9629-1D3EC5F96B5B}"
EndProject
Global
	GlobalSection(SolutionConfigurationPlatforms) = preSolution
		Debug|Any CPU = Debug|Any CPU
		Release|Any CPU = Release|Any CPU
	EndGlobalSection
	GlobalSection(ProjectConfigurationPlatforms) = postSolution
		{5C259359-B214-49E8-97A9-C9A90CFC7BEE}.Debug|Any CPU.ActiveCfg = Debug|Any CPU
		{5C259359-B214-49E8-97A9-C9A90CFC7BEE}.Debug|Any CPU.Build.0 = Debug|Any CPU
		{5C259359-B214-49E8-97A9-C9A90CFC7BEE}.Release|Any CPU.ActiveCfg = Release|Any CPU
		{5C259359-B214-49E8-97A9-C9A90CFC7BEE}.Release|Any CPU.Build.0 = Release|Any CPU
		{9C1E93EB-76C9-4B4F-9629-1D3EC5F96B5B}.Debug|Any CPU.ActiveCfg = Debug|Any CPU
		{9C1E93EB-76C9-4B4F-9629-1D3EC5F96B5B}.Debug|Any CPU.Build.0 = Debug|Any CPU
		{9C1E93EB-76C9-4B4F-9629-1D3EC5F96B5B}.Release|Any CPU.ActiveCfg = Release|Any CPU
		{9C1E93EB-76C9-4B4F-9629-1D3EC5F96B5B}.Release|Any CPU.Build.0 = Release|Any CPU
	EndGlobalSection
	GlobalSection(SolutionProperties) = preSolution
		HideSolutionNode = FALSE
	EndGlobalSection
	GlobalSection(ExtensibilityGlobals) = postSolution
		SolutionGuid = {BEFF3969-902E-4C3F-806A-E3EB1363D497}
	EndGlobalSection
EndGlobal
